{
    "_meta": {
        "hash": {
            "sha256": "eb75799117dff43af8d157a5c08bb7d9c71391280a7d207b5ff553b870b73b0a"
        },
        "pipfile-spec": 6,
        "requires": {
            "python_version": "3"
        },
        "sources": [
            {
                "name": "pypi",
                "url": "https://pypi.python.org/simple",
                "verify_ssl": true
            }
        ]
    },
    "default": {
        "lcov-cobertura": {
            "hashes": [
                "sha256:c6ce347bf3ee67f8d5d020cd662626a3594cf2be727cc634aa0d11fa3f7f1374",
                "sha256:fc40cdc21cebb3ac9a62a277d64552734d3cd5e96c5eff95ac7eef90e1a2966c"
            ],
            "index": "pypi",
            "version": "==2.0.2"
        },
        "lit": {
            "hashes": [
                "sha256:84ae8245d4f4dcb4562d7b95b6fecd53a7b3562af1e348949ce8794969a3a9b6"
            ],
            "index": "pypi",
            "version": "==15.0.1"
        }
    },
    "develop": {}
}
